
Microsoft Visual Studio Solution File, Format Version 12.00
# Visual Studio Version 17
VisualStudioVersion = 17.6.33927.249
MinimumVisualStudioVersion = 10.0.40219.1
Project("{FAE04EC0-301F-11D3-BF4B-00C04F79EFBC}") = "CustomConstraint", "CustomConstraint\CustomConstraint.csproj", "{3167498D-B0DC-48CA-A5B7-797F8DC6C130}"
EndProject
Global
	GlobalSection(SolutionConfigurationPlatforms) = preSolution
		Debug|Any CPU = Debug|Any CPU
		Release|Any CPU = Release|Any CPU
	EndGlobalSection
	GlobalSection(ProjectConfigurationPlatforms) = postSolution
		{3167498D-B0DC-48CA-A5B7-797F8DC6C130}.Debug|Any CPU.ActiveCfg = Debug|Any CPU
		{3167498D-B0DC-48CA-A5B7-797F8DC6C130}.Debug|Any CPU.Build.0 = Debug|Any CPU
		{3167498D-B0DC-48CA-A5B7-797F8DC6C130}.Release|Any CPU.ActiveCfg = Release|Any CPU
		{3167498D-B0DC-48CA-A5B7-797F8DC6C130}.Release|Any CPU.Build.0 = Release|Any CPU
	EndGlobalSection
	GlobalSection(SolutionProperties) = preSolution
		HideSolutionNode = FALSE
	EndGlobalSection
	GlobalSection(ExtensibilityGlobals) = postSolution
		SolutionGuid = {6F123E59-6228-4ABE-915F-19FE74204CDF}
	EndGlobalSection
EndGlobal
